// !$*UTF8*$!
{
	archiveVersion = 1;
	classes = {
	};
	objectVersion = 56;
	objects = {

/* Begin PBXBuildFile section */
		758960162964FAB600E8CD28 /* WeatherWidgetApp.swift in Sources */ = {isa = PBXBuildFile; fileRef = 758960152964FAB600E8CD28 /* WeatherWidgetApp.swift */; };
		7589601A2964FAB800E8CD28 /* Assets.xcassets in Resources */ = {isa = PBXBuildFile; fileRef = 758960192964FAB800E8CD28 /* Assets.xcassets */; };
		7589601D2964FAB800E8CD28 /* Preview Assets.xcassets in Resources */ = {isa = PBXBuildFile; fileRef = 7589601C2964FAB800E8CD28 /* Preview Assets.xcassets */; };
		758960282964FDFA00E8CD28 /* MainView.swift in Sources */ = {isa = PBXBuildFile; fileRef = 758960272964FDFA00E8CD28 /* MainView.swift */; };
		7589602A2965046F00E8CD28 /* CurrentWeather.swift in Sources */ = {isa = PBXBuildFile; fileRef = 758960292965046F00E8CD28 /* CurrentWeather.swift */; };
		7589602C29650C6800E8CD28 /* Double+TemperatureString.swift in Sources */ = {isa = PBXBuildFile; fileRef = 7589602B29650C6800E8CD28 /* Double+TemperatureString.swift */; };
		7589602E29650F4800E8CD28 /* Forecast.swift in Sources */ = {isa = PBXBuildFile; fileRef = 7589602D29650F4800E8CD28 /* Forecast.swift */; };
		75896030296546AF00E8CD28 /* BackgroundView.swift in Sources */ = {isa = PBXBuildFile; fileRef = 7589602F296546AF00E8CD28 /* BackgroundView.swift */; };
		758960322965470300E8CD28 /* WeatherContentView.swift in Sources */ = {isa = PBXBuildFile; fileRef = 758960312965470300E8CD28 /* WeatherContentView.swift */; };
		7589603429654A7C00E8CD28 /* CurrentWeatherView.swift in Sources */ = {isa = PBXBuildFile; fileRef = 7589603329654A7C00E8CD28 /* CurrentWeatherView.swift */; };
		7589603629654AD200E8CD28 /* ForecastView.swift in Sources */ = {isa = PBXBuildFile; fileRef = 7589603529654AD200E8CD28 /* ForecastView.swift */; };
/* End PBXBuildFile section */

/* Begin PBXFileReference section */
		758960122964FAB600E8CD28 /* WeatherWidget.app */ = {isa = PBXFileReference; explicitFileType = wrapper.application; includeInIndex = 0; path = WeatherWidget.app; sourceTree = BUILT_PRODUCTS_DIR; };
		758960152964FAB600E8CD28 /* WeatherWidgetApp.swift */ = {isa = PBXFileReference; lastKnownFileType = sourcecode.swift; path = WeatherWidgetApp.swift; sourceTree = "<group>"; };
		758960192964FAB800E8CD28 /* Assets.xcassets */ = {isa = PBXFileReference; lastKnownFileType = folder.assetcatalog; path = Assets.xcassets; sourceTree = "<group>"; };
		7589601C2964FAB800E8CD28 /* Preview Assets.xcassets */ = {isa = PBXFileReference; lastKnownFileType = folder.assetcatalog; path = "Preview Assets.xcassets"; sourceTree = "<group>"; };
		758960272964FDFA00E8CD28 /* MainView.swift */ = {isa = PBXFileReference; lastKnownFileType = sourcecode.swift; path = MainView.swift; sourceTree = "<group>"; };
		758960292965046F00E8CD28 /* CurrentWeather.swift */ = {isa = PBXFileReference; lastKnownFileType = sourcecode.swift; path = CurrentWeather.swift; sourceTree = "<group>"; };
		7589602B29650C6800E8CD28 /* Double+TemperatureString.swift */ = {isa = PBXFileReference; lastKnownFileType = sourcecode.swift; path = "Double+TemperatureString.swift"; sourceTree = "<group>"; };
		7589602D29650F4800E8CD28 /* Forecast.swift */ = {isa = PBXFileReference; lastKnownFileType = sourcecode.swift; path = Forecast.swift; sourceTree = "<group>"; };
		7589602F296546AF00E8CD28 /* BackgroundView.swift */ = {isa = PBXFileReference; lastKnownFileType = sourcecode.swift; path = BackgroundView.swift; sourceTree = "<group>"; };
		758960312965470300E8CD28 /* WeatherContentView.swift */ = {isa = PBXFileReference; lastKnownFileType = sourcecode.swift; path = WeatherContentView.swift; sourceTree = "<group>"; };
		7589603329654A7C00E8CD28 /* CurrentWeatherView.swift */ = {isa = PBXFileReference; lastKnownFileType = sourcecode.swift; path = CurrentWeatherView.swift; sourceTree = "<group>"; };
		7589603529654AD200E8CD28 /* ForecastView.swift */ = {isa = PBXFileReference; lastKnownFileType = sourcecode.swift; path = ForecastView.swift; sourceTree = "<group>"; };
/* End PBXFileReference section */

/* Begin PBXFrameworksBuildPhase section */
		7589600F2964FAB600E8CD28 /* Frameworks */ = {
			isa = PBXFrameworksBuildPhase;
			buildActionMask = 2147483647;
			files = (
			);
			runOnlyForDeploymentPostprocessing = 0;
		};
/* End PBXFrameworksBuildPhase section */

/* Begin PBXGroup section */
		758960092964FAB600E8CD28 = {
			isa = PBXGroup;
			children = (
				758960142964FAB600E8CD28 /* WeatherWidget */,
				758960132964FAB600E8CD28 /* Products */,
			);
			sourceTree = "<group>";
		};
		758960132964FAB600E8CD28 /* Products */ = {
			isa = PBXGroup;
			children = (
				758960122964FAB600E8CD28 /* WeatherWidget.app */,
			);
			name = Products;
			sourceTree = "<group>";
		};
		758960142964FAB600E8CD28 /* WeatherWidget */ = {
			isa = PBXGroup;
			children = (
				758960262964FDE900E8CD28 /* View */,
				758960252964FDD500E8CD28 /* Extension */,
				758960242964FD9800E8CD28 /* Service */,
				758960232964FD9200E8CD28 /* Model */,
				758960152964FAB600E8CD28 /* WeatherWidgetApp.swift */,
				758960192964FAB800E8CD28 /* Assets.xcassets */,
				7589601B2964FAB800E8CD28 /* Preview Content */,
			);
			path = WeatherWidget;
			sourceTree = "<group>";
		};
		7589601B2964FAB800E8CD28 /* Preview Content */ = {
			isa = PBXGroup;
			children = (
				7589601C2964FAB800E8CD28 /* Preview Assets.xcassets */,
			);
			path = "Preview Content";
			sourceTree = "<group>";
		};
		758960232964FD9200E8CD28 /* Model */ = {
			isa = PBXGroup;
			children = (
				758960292965046F00E8CD28 /* CurrentWeather.swift */,
				7589602D29650F4800E8CD28 /* Forecast.swift */,
			);
			path = Model;
			sourceTree = "<group>";
		};
		758960242964FD9800E8CD28 /* Service */ = {
			isa = PBXGroup;
			children = (
			);
			path = Service;
			sourceTree = "<group>";
		};
		758960252964FDD500E8CD28 /* Extension */ = {
			isa = PBXGroup;
			children = (
				7589602B29650C6800E8CD28 /* Double+TemperatureString.swift */,
			);
			path = Extension;
			sourceTree = "<group>";
		};
		758960262964FDE900E8CD28 /* View */ = {
			isa = PBXGroup;
			children = (
				758960272964FDFA00E8CD28 /* MainView.swift */,
				7589602F296546AF00E8CD28 /* BackgroundView.swift */,
				758960312965470300E8CD28 /* WeatherContentView.swift */,
				7589603329654A7C00E8CD28 /* CurrentWeatherView.swift */,
				7589603529654AD200E8CD28 /* ForecastView.swift */,
			);
			path = View;
			sourceTree = "<group>";
		};
/* End PBXGroup section */

/* Begin PBXNativeTarget section */
		758960112964FAB600E8CD28 /* WeatherWidget */ = {
			isa = PBXNativeTarget;
			buildConfigurationList = 758960202964FAB800E8CD28 /* Build configuration list for PBXNativeTarget "WeatherWidget" */;
			buildPhases = (
				7589600E2964FAB600E8CD28 /* Sources */,
				7589600F2964FAB600E8CD28 /* Frameworks */,
				758960102964FAB600E8CD28 /* Resources */,
			);
			buildRules = (
			);
			dependencies = (
			);
			name = WeatherWidget;
			productName = WeatherWidget;
			productReference = 758960122964FAB600E8CD28 /* WeatherWidget.app */;
			productType = "com.apple.product-type.application";
		};
/* End PBXNativeTarget section */

/* Begin PBXProject section */
		7589600A2964FAB600E8CD28 /* Project object */ = {
			isa = PBXProject;
			attributes = {
				BuildIndependentTargetsInParallel = 1;
				LastSwiftUpdateCheck = 1420;
				LastUpgradeCheck = 1420;
				TargetAttributes = {
					758960112964FAB600E8CD28 = {
						CreatedOnToolsVersion = 14.2;
					};
				};
			};
			buildConfigurationList = 7589600D2964FAB600E8CD28 /* Build configuration list for PBXProject "WeatherWidget" */;
			compatibilityVersion = "Xcode 14.0";
			developmentRegion = en;
			hasScannedForEncodings = 0;
			knownRegions = (
				en,
				Base,
			);
			mainGroup = 758960092964FAB600E8CD28;
			productRefGroup = 758960132964FAB600E8CD28 /* Products */;
			projectDirPath = "";
			projectRoot = "";
			targets = (
				758960112964FAB600E8CD28 /* WeatherWidget */,
			);
		};
/* End PBXProject section */

/* Begin PBXResourcesBuildPhase section */
		758960102964FAB600E8CD28 /* Resources */ = {
			isa = PBXResourcesBuildPhase;
			buildActionMask = 2147483647;
			files = (
				7589601D2964FAB800E8CD28 /* Preview Assets.xcassets in Resources */,
				7589601A2964FAB800E8CD28 /* Assets.xcassets in Resources */,
			);
			runOnlyForDeploymentPostprocessing = 0;
		};
/* End PBXResourcesBuildPhase section */

/* Begin PBXSourcesBuildPhase section */
		7589600E2964FAB600E8CD28 /* Sources */ = {
			isa = PBXSourcesBuildPhase;
			buildActionMask = 2147483647;
			files = (
				758960322965470300E8CD28 /* WeatherContentView.swift in Sources */,
				7589603429654A7C00E8CD28 /* CurrentWeatherView.swift in Sources */,
				75896030296546AF00E8CD28 /* BackgroundView.swift in Sources */,
				758960162964FAB600E8CD28 /* WeatherWidgetApp.swift in Sources */,
				7589602A2965046F00E8CD28 /* CurrentWeather.swift in Sources */,
				7589603629654AD200E8CD28 /* ForecastView.swift in Sources */,
				758960282964FDFA00E8CD28 /* MainView.swift in Sources */,
				7589602C29650C6800E8CD28 /* Double+TemperatureString.swift in Sources */,
				7589602E29650F4800E8CD28 /* Forecast.swift in Sources */,
			);
			runOnlyForDeploymentPostprocessing = 0;
		};
/* End PBXSourcesBuildPhase section */

/* Begin XCBuildConfiguration section */
		7589601E2964FAB800E8CD28 /* Debug */ = {
			isa = XCBuildConfiguration;
			buildSettings = {
				ALWAYS_SEARCH_USER_PATHS = NO;
				CLANG_ANALYZER_NONNULL = YES;
				CLANG_ANALYZER_NUMBER_OBJECT_CONVERSION = YES_AGGRESSIVE;
				CLANG_CXX_LANGUAGE_STANDARD = "gnu++20";
				CLANG_ENABLE_MODULES = YES;
				CLANG_ENABLE_OBJC_ARC = YES;
				CLANG_ENABLE_OBJC_WEAK = YES;
				CLANG_WARN_BLOCK_CAPTURE_AUTORELEASING = YES;
				CLANG_WARN_BOOL_CONVERSION = YES;
				CLANG_WARN_COMMA = YES;
				CLANG_WARN_CONSTANT_CONVERSION = YES;
				CLANG_WARN_DEPRECATED_OBJC_IMPLEMENTATIONS = YES;
				CLANG_WARN_DIRECT_OBJC_ISA_USAGE = YES_ERROR;
				CLANG_WARN_DOCUMENTATION_COMMENTS = YES;
				CLANG_WARN_EMPTY_BODY = YES;
				CLANG_WARN_ENUM_CONVERSION = YES;
				CLANG_WARN_INFINITE_RECURSION = YES;
				CLANG_WARN_INT_CONVERSION = YES;
				CLANG_WARN_NON_LITERAL_NULL_CONVERSION = YES;
				CLANG_WARN_OBJC_IMPLICIT_RETAIN_SELF = YES;
				CLANG_WARN_OBJC_LITERAL_CONVERSION = YES;
				CLANG_WARN_OBJC_ROOT_CLASS = YES_ERROR;
				CLANG_WARN_QUOTED_INCLUDE_IN_FRAMEWORK_HEADER = YES;
				CLANG_WARN_RANGE_LOOP_ANALYSIS = YES;
				CLANG_WARN_STRICT_PROTOTYPES = YES;
				CLANG_WARN_SUSPICIOUS_MOVE = YES;
				CLANG_WARN_UNGUARDED_AVAILABILITY = YES_AGGRESSIVE;
				CLANG_WARN_UNREACHABLE_CODE = YES;
				CLANG_WARN__DUPLICATE_METHOD_MATCH = YES;
				COPY_PHASE_STRIP = NO;
				DEBUG_INFORMATION_FORMAT = dwarf;
				ENABLE_STRICT_OBJC_MSGSEND = YES;
				ENABLE_TESTABILITY = YES;
				GCC_C_LANGUAGE_STANDARD = gnu11;
				GCC_DYNAMIC_NO_PIC = NO;
				GCC_NO_COMMON_BLOCKS = YES;
				GCC_OPTIMIZATION_LEVEL = 0;
				GCC_PREPROCESSOR_DEFINITIONS = (
					"DEBUG=1",
					"$(inherited)",
				);
				GCC_WARN_64_TO_32_BIT_CONVERSION = YES;
				GCC_WARN_ABOUT_RETURN_TYPE = YES_ERROR;
				GCC_WARN_UNDECLARED_SELECTOR = YES;
				GCC_WARN_UNINITIALIZED_AUTOS = YES_AGGRESSIVE;
				GCC_WARN_UNUSED_FUNCTION = YES;
				GCC_WARN_UNUSED_VARIABLE = YES;
				IPHONEOS_DEPLOYMENT_TARGET = 16.2;
				MTL_ENABLE_DEBUG_INFO = INCLUDE_SOURCE;
				MTL_FAST_MATH = YES;
				ONLY_ACTIVE_ARCH = YES;
				SDKROOT = iphoneos;
				SWIFT_ACTIVE_COMPILATION_CONDITIONS = DEBUG;
				SWIFT_OPTIMIZATION_LEVEL = "-Onone";
			};
			name = Debug;
		};
		7589601F2964FAB800E8CD28 /* Release */ = {
			isa = XCBuildConfiguration;
			buildSettings = {
				ALWAYS_SEARCH_USER_PATHS = NO;
				CLANG_ANALYZER_NONNULL = YES;
				CLANG_ANALYZER_NUMBER_OBJECT_CONVERSION = YES_AGGRESSIVE;
				CLANG_CXX_LANGUAGE_STANDARD = "gnu++20";
				CLANG_ENABLE_MODULES = YES;
				CLANG_ENABLE_OBJC_ARC = YES;
				CLANG_ENABLE_OBJC_WEAK = YES;
				CLANG_WARN_BLOCK_CAPTURE_AUTORELEASING = YES;
				CLANG_WARN_BOOL_CONVERSION = YES;
				CLANG_WARN_COMMA = YES;
				CLANG_WARN_CONSTANT_CONVERSION = YES;
				CLANG_WARN_DEPRECATED_OBJC_IMPLEMENTATIONS = YES;
				CLANG_WARN_DIRECT_OBJC_ISA_USAGE = YES_ERROR;
				CLANG_WARN_DOCUMENTATION_COMMENTS = YES;
				CLANG_WARN_EMPTY_BODY = YES;
				CLANG_WARN_ENUM_CONVERSION = YES;
				CLANG_WARN_INFINITE_RECURSION = YES;
				CLANG_WARN_INT_CONVERSION = YES;
				CLANG_WARN_NON_LITERAL_NULL_CONVERSION = YES;
				CLANG_WARN_OBJC_IMPLICIT_RETAIN_SELF = YES;
				CLANG_WARN_OBJC_LITERAL_CONVERSION = YES;
				CLANG_WARN_OBJC_ROOT_CLASS = YES_ERROR;
				CLANG_WARN_QUOTED_INCLUDE_IN_FRAMEWORK_HEADER = YES;
				CLANG_WARN_RANGE_LOOP_ANALYSIS = YES;
				CLANG_WARN_STRICT_PROTOTYPES = YES;
				CLANG_WARN_SUSPICIOUS_MOVE = YES;
				CLANG_WARN_UNGUARDED_AVAILABILITY = YES_AGGRESSIVE;
				CLANG_WARN_UNREACHABLE_CODE = YES;
				CLANG_WARN__DUPLICATE_METHOD_MATCH = YES;
				COPY_PHASE_STRIP = NO;
				DEBUG_INFORMATION_FORMAT = "dwarf-with-dsym";
				ENABLE_NS_ASSERTIONS = NO;
				ENABLE_STRICT_OBJC_MSGSEND = YES;
				GCC_C_LANGUAGE_STANDARD = gnu11;
				GCC_NO_COMMON_BLOCKS = YES;
				GCC_WARN_64_TO_32_BIT_CONVERSION = YES;
				GCC_WARN_ABOUT_RETURN_TYPE = YES_ERROR;
				GCC_WARN_UNDECLARED_SELECTOR = YES;
				GCC_WARN_UNINITIALIZED_AUTOS = YES_AGGRESSIVE;
				GCC_WARN_UNUSED_FUNCTION = YES;
				GCC_WARN_UNUSED_VARIABLE = YES;
				IPHONEOS_DEPLOYMENT_TARGET = 16.2;
				MTL_ENABLE_DEBUG_INFO = NO;
				MTL_FAST_MATH = YES;
				SDKROOT = iphoneos;
				SWIFT_COMPILATION_MODE = wholemodule;
				SWIFT_OPTIMIZATION_LEVEL = "-O";
				VALIDATE_PRODUCT = YES;
			};
			name = Release;
		};
		758960212964FAB800E8CD28 /* Debug */ = {
			isa = XCBuildConfiguration;
			buildSettings = {
				ASSETCATALOG_COMPILER_APPICON_NAME = AppIcon;
				ASSETCATALOG_COMPILER_GLOBAL_ACCENT_COLOR_NAME = AccentColor;
				CODE_SIGN_STYLE = Automatic;
				CURRENT_PROJECT_VERSION = 1;
				DEVELOPMENT_ASSET_PATHS = "\"WeatherWidget/Preview Content\"";
				DEVELOPMENT_TEAM = 9LAFQ24GSN;
				ENABLE_PREVIEWS = YES;
				GENERATE_INFOPLIST_FILE = YES;
				INFOPLIST_KEY_CFBundleDisplayName = "날씨위잿";
				INFOPLIST_KEY_UIApplicationSceneManifest_Generation = YES;
				INFOPLIST_KEY_UIApplicationSupportsIndirectInputEvents = YES;
				INFOPLIST_KEY_UILaunchScreen_Generation = YES;
				INFOPLIST_KEY_UISupportedInterfaceOrientations_iPad = "UIInterfaceOrientationPortrait UIInterfaceOrientationPortraitUpsideDown UIInterfaceOrientationLandscapeLeft UIInterfaceOrientationLandscapeRight";
				INFOPLIST_KEY_UISupportedInterfaceOrientations_iPhone = "UIInterfaceOrientationPortrait UIInterfaceOrientationLandscapeLeft UIInterfaceOrientationLandscapeRight";
				IPHONEOS_DEPLOYMENT_TARGET = 15.0;
				LD_RUNPATH_SEARCH_PATHS = (
					"$(inherited)",
					"@executable_path/Frameworks",
				);
				MARKETING_VERSION = 1.0;
				PRODUCT_BUNDLE_IDENTIFIER = kr.co.truen.EGLOO.WeatherWidget;
				PRODUCT_NAME = "$(TARGET_NAME)";
				SWIFT_EMIT_LOC_STRINGS = YES;
				SWIFT_VERSION = 5.0;
				TARGETED_DEVICE_FAMILY = "1,2";
			};
			name = Debug;
		};
		758960222964FAB800E8CD28 /* Release */ = {
			isa = XCBuildConfiguration;
			buildSettings = {
				ASSETCATALOG_COMPILER_APPICON_NAME = AppIcon;
				ASSETCATALOG_COMPILER_GLOBAL_ACCENT_COLOR_NAME = AccentColor;
				CODE_SIGN_STYLE = Automatic;
				CURRENT_PROJECT_VERSION = 1;
				DEVELOPMENT_ASSET_PATHS = "\"WeatherWidget/Preview Content\"";
				DEVELOPMENT_TEAM = 9LAFQ24GSN;
				ENABLE_PREVIEWS = YES;
				GENERATE_INFOPLIST_FILE = YES;
				INFOPLIST_KEY_CFBundleDisplayName = "날씨위잿";
				INFOPLIST_KEY_UIApplicationSceneManifest_Generation = YES;
				INFOPLIST_KEY_UIApplicationSupportsIndirectInputEvents = YES;
				INFOPLIST_KEY_UILaunchScreen_Generation = YES;
				INFOPLIST_KEY_UISupportedInterfaceOrientations_iPad = "UIInterfaceOrientationPortrait UIInterfaceOrientationPortraitUpsideDown UIInterfaceOrientationLandscapeLeft UIInterfaceOrientationLandscapeRight";
				INFOPLIST_KEY_UISupportedInterfaceOrientations_iPhone = "UIInterfaceOrientationPortrait UIInterfaceOrientationLandscapeLeft UIInterfaceOrientationLandscapeRight";
				IPHONEOS_DEPLOYMENT_TARGET = 15.0;
				LD_RUNPATH_SEARCH_PATHS = (
					"$(inherited)",
					"@executable_path/Frameworks",
				);
				MARKETING_VERSION = 1.0;
				PRODUCT_BUNDLE_IDENTIFIER = kr.co.truen.EGLOO.WeatherWidget;
				PRODUCT_NAME = "$(TARGET_NAME)";
				SWIFT_EMIT_LOC_STRINGS = YES;
				SWIFT_VERSION = 5.0;
				TARGETED_DEVICE_FAMILY = "1,2";
			};
			name = Release;
		};
/* End XCBuildConfiguration section */

/* Begin XCConfigurationList section */
		7589600D2964FAB600E8CD28 /* Build configuration list for PBXProject "WeatherWidget" */ = {
			isa = XCConfigurationList;
			buildConfigurations = (
				7589601E2964FAB800E8CD28 /* Debug */,
				7589601F2964FAB800E8CD28 /* Release */,
			);
			defaultConfigurationIsVisible = 0;
			defaultConfigurationName = Release;
		};
		758960202964FAB800E8CD28 /* Build configuration list for PBXNativeTarget "WeatherWidget" */ = {
			isa = XCConfigurationList;
			buildConfigurations = (
				758960212964FAB800E8CD28 /* Debug */,
				758960222964FAB800E8CD28 /* Release */,
			);
			defaultConfigurationIsVisible = 0;
			defaultConfigurationName = Release;
		};
/* End XCConfigurationList section */
	};
	rootObject = 7589600A2964FAB600E8CD28 /* Project object */;
}
